
Microsoft Visual Studio Solution File, Format Version 12.00
# Visual Studio Version 17
VisualStudioVersion = 17.14.36930.0 d17.14
MinimumVisualStudioVersion = 10.0.40219.1
Project("{FAE04EC0-301F-11D3-BF4B-00C04F79EFBC}") = "DemoEffectsShowcase", "DemoEffectsShowcase.csproj", "{00700407-9484-435E-2C4F-B48041066F18}"
EndProject
Global
	GlobalSection(SolutionConfigurationPlatforms) = preSolution
		Debug|Any CPU = Debug|Any CPU
		Release|Any CPU = Release|Any CPU
	EndGlobalSection
	GlobalSection(ProjectConfigurationPlatforms) = postSolution
		{00700407-9484-435E-2C4F-B48041066F18}.Debug|Any CPU.ActiveCfg = Debug|Any CPU
		{00700407-9484-435E-2C4F-B48041066F18}.Debug|Any CPU.Build.0 = Debug|Any CPU
		{00700407-9484-435E-2C4F-B48041066F18}.Release|Any CPU.ActiveCfg = Release|Any CPU
		{00700407-9484-435E-2C4F-B48041066F18}.Release|Any CPU.Build.0 = Release|Any CPU
	EndGlobalSection
	GlobalSection(SolutionProperties) = preSolution
		HideSolutionNode = FALSE
	EndGlobalSection
	GlobalSection(ExtensibilityGlobals) = postSolution
		SolutionGuid = {9CA8F10B-C39C-4463-987C-9443135BF971}
	EndGlobalSection
EndGlobal
